apiVersion: vendir.k14s.io/v1alpha1
directories:
- contents:
  - manual: {}
    path: manual
  - githubRelease:
      url: https://api.github.com/repos/jetstack/cert-manager/releases/29442438
    path: upstream
  path: cluster/build/cert-manager/_vendir
- contents:
  - manual: {}
    path: manual
  - git:
      commitTitle: Bump capi-k8s-release to 86f49fc65affed446e943915bea0f385e316dcbc
      sha: d8245bd07135c8d21d771e09571b7f93247b64b8
    path: upstream/cf-for-k8s
  path: cluster/build/cf-for-k8s/_vendir
- contents:
  - manual: {}
    path: manual
  - git:
      commitTitle: '[bitnami/external-dns] Release 3.2.6 updating components versions...'
      sha: 80f79de9982afabc471e97f89c2f0852471b34e7
    path: upstream
  path: cluster/build/external-dns/_vendir
- contents:
  - manual: {}
    path: manual
  - git:
      commitTitle: 'Merge pull request #668 from ywk253100/200716_1.3.4...'
      sha: 768a3b2c03bcb708fc7c2bfc6b9552437efff067
    path: upstream/harbor-helm
  path: cluster/build/harbor/_vendir
- contents:
  - manual: {}
    path: manual
  - git:
      commitTitle: Bump quarks-utils
      sha: 152543146ab7764dddcb68043550db0ea3651f07
    path: upstream
  path: cluster/build/quarks-secret/_vendir
- contents:
  - manual: {}
    path: manual
  - githubRelease:
      url: https://api.github.com/repos/k14s/secretgen-controller/releases/25061781
    path: upstream
  path: cluster/build/secretgen-controller/_vendir
- contents:
  - manual: {}
    path: cert-manager
  path: cluster/config/cert-manager/_ytt_lib
- contents:
  - manual: {}
    path: cf-for-k8s
  path: cluster/config/cf-for-k8s/_ytt_lib
- contents:
  - manual: {}
    path: external-dns
  path: cluster/config/external-dns/_ytt_lib
- contents:
  - manual: {}
    path: harbor
  path: cluster/config/harbor/_ytt_lib
- contents:
  - manual: {}
    path: quarks-secret
  path: cluster/config/quarks-secret/_ytt_lib
- contents:
  - manual: {}
    path: secretgen-controller
  path: cluster/config/secretgen-controller/_ytt_lib
kind: LockConfig
