apiVersion: vendir.k14s.io/v1alpha1
directories:
- contents:
  - manual: {}
    path: manual
  - githubRelease:
      url: https://api.github.com/repos/jetstack/cert-manager/releases/34373236
    path: upstream
  path: cluster/build/cert-manager/_vendir
- contents:
  - manual: {}
    path: manual
  - git:
      commitTitle: Autobump buildpacks
      sha: c72740e81a15fa9c386578e75853fcc43e8f014e
      tags:
      - v1.1.0-rc.1-17-gc72740e
    path: upstream/cf-for-k8s
  path: cluster/build/cf-for-k8s/_vendir
- contents:
  - manual: {}
    path: manual
  - git:
      commitTitle: '[bitnami/external-dns] Add ability to monitor contour entries
        added in 0.7.4 (#3941)...'
      sha: 0966de9fb6f693aea277d1c79fd8f43c3e65b897
    path: upstream
  path: cluster/build/external-dns/_vendir
- contents:
  - manual: {}
    path: manual
  - git:
      commitTitle: 'Merge pull request #794 from ywk253100/201119_1.3.6...'
      sha: 8ed55683e8c9882646f4c279218dbc29f8fa25dd
      tags:
      - v1.3.6
    path: upstream/harbor-helm
  path: cluster/build/harbor/_vendir
- contents:
  - manual: {}
    path: manual
  - git:
      commitTitle: Fix quarks secret `SecretLabels` & `SecretAnnotations` update bug
        (#59)...
      sha: 4171053d17e66a93044795924abdca66cac09785
      tags:
      - v1.0.744
    path: upstream
  path: cluster/build/quarks-secret/_vendir
- contents:
  - manual: {}
    path: manual
  - githubRelease:
      url: https://api.github.com/repos/vmware-tanzu/carvel-secretgen-controller/releases/25061781
    path: upstream
  path: cluster/build/secretgen-controller/_vendir
- contents:
  - manual: {}
    path: cert-manager
  path: cluster/config/cert-manager/_ytt_lib
- contents:
  - manual: {}
    path: cf-for-k8s
  path: cluster/config/cf-for-k8s/_ytt_lib
- contents:
  - manual: {}
    path: external-dns
  path: cluster/config/external-dns/_ytt_lib
- contents:
  - manual: {}
    path: harbor
  path: cluster/config/harbor/_ytt_lib
- contents:
  - manual: {}
    path: quarks-secret
  path: cluster/config/quarks-secret/_ytt_lib
- contents:
  - manual: {}
    path: secretgen-controller
  path: cluster/config/secretgen-controller/_ytt_lib
kind: LockConfig
