apiVersion: vendir.k14s.io/v1alpha1
directories:
- contents:
  - manual: {}
    path: manual
  - git:
      commitTitle: bump chart version
      sha: 5d9c6e46e5bf81e67a02a8e7ac1e4b63dadcd485
    path: upstream
  path: cluster/build/concourse-web/_vendir
- contents:
  - manual: {}
    path: manual
  - git:
      commitTitle: bump chart version
      sha: 5d9c6e46e5bf81e67a02a8e7ac1e4b63dadcd485
    path: upstream
  path: cluster/build/concourse-workers/_vendir
- contents:
  - manual: {}
    path: manual
  - git:
      commitTitle: external-dns infoblox provider additional parameter (#3397)...
      sha: be5b30d4b65794d63d36449fc6e8a912bdccbdda
    path: upstream
  path: cluster/build/external-dns/_vendir
- contents:
  - manual: {}
    path: manual
  - git:
      commitTitle: Adding parameter for externalTrafficPolicy in internal controller
        service spec
      sha: 442f7bb71b5111206d8ed20d28746c35c7bd4b62
    path: upstream
  path: cluster/build/ingress-nginx/_vendir
- contents:
  - manual: {}
    path: concourse-web
  path: cluster/config/concourse-web/_ytt_lib
- contents:
  - manual: {}
    path: concourse-workers
  path: cluster/config/concourse-workers/_ytt_lib
- contents:
  - manual: {}
    path: external-dns
  path: cluster/config/external-dns/_ytt_lib
- contents:
  - manual: {}
    path: ingress-nginx
  path: cluster/config/ingress-nginx/_ytt_lib
kind: LockConfig
