apiVersion: vendir.k14s.io/v1alpha1
directories:
- contents:
  - manual: {}
    path: manual
  - git:
      commitTitle: bump chart version
      sha: 88a125901beb50c1f4f8ffbcd6ff5e4379c26517
    path: upstream
  path: cluster/build/concourse-web/_vendir
- contents:
  - manual: {}
    path: manual
  - git:
      commitTitle: bump chart version
      sha: 88a125901beb50c1f4f8ffbcd6ff5e4379c26517
    path: upstream
  path: cluster/build/concourse-workers/_vendir
- contents:
  - manual: {}
    path: manual
  - git:
      commitTitle: '[bitnami/external-dns] Add ability to monitor contour entries
        added in 0.7.4 (#3941)...'
      sha: 0966de9fb6f693aea277d1c79fd8f43c3e65b897
    path: upstream
  path: cluster/build/external-dns/_vendir
- contents:
  - manual: {}
    path: manual
  - git:
      commitTitle: 'Merge pull request #6326 from kolorful/master...'
      sha: 9b683e40555fdfaba453d826306bc9c03880dc16
    path: upstream
  path: cluster/build/ingress-nginx/_vendir
- contents:
  - manual: {}
    path: concourse-web
  path: cluster/config/concourse-web/_ytt_lib
- contents:
  - manual: {}
    path: concourse-workers
  path: cluster/config/concourse-workers/_ytt_lib
- contents:
  - manual: {}
    path: external-dns
  path: cluster/config/external-dns/_ytt_lib
- contents:
  - manual: {}
    path: ingress-nginx
  path: cluster/config/ingress-nginx/_ytt_lib
kind: LockConfig
