apiVersion: vendir.k14s.io/v1alpha1
directories:
- contents:
  - git:
      commitTitle: Bump capi-k8s-release to 39cc43dde1b86714f6a3fe97d01dab07c9cc1038
      sha: a339593d222cec1481a4e2a35be4e6bab0be881a
    path: github.com/cloudfoundry/cf-for-k8s
  - git:
      commitTitle: 'Merge pull request #54 from cloudfoundry/remove-alex...'
      sha: 994575c1331b64f4e8d0a63edd3b2329258d6f00
    path: github.com/cloudfoundry/cf-k8s-networking
  path: deployments/cf-for-k8s/build/_vendir
- contents:
  - git:
      commitTitle: 'feat: deployment readiness and liveness probes (#81)...'
      sha: e04f5d07aa58a0af06cd87b26a5f90842d3b9e0a
    path: github.com/kubernetes-sigs/minibroker
  path: deployments/minibroker/build/_vendir
- contents:
  - git:
      commitTitle: '[stable/prometheus-operator] Added option to disable kube-apiserver-availability
        rules (#23136)...'
      sha: f191697fdec967f2df92e41514a56535927e40b0
    path: github.com/helm/charts/prometheus-operator
  path: deployments/prometheus-operator/build/_vendir
- contents:
  - git:
      commitTitle: Fix RemoveFinalizer methods in svcat cli (#2823)
      sha: 18c0d73e1fbc16542276c314689a20bc81a98221
    path: github.com/kubernetes-sigs/service-catalog
  path: deployments/service-catalog/build/_vendir
kind: LockConfig
