apiVersion: vendir.k14s.io/v1alpha1
directories:
- contents:
  - manual: {}
    path: manual
  - git:
      commitTitle: Autobump stack images
      sha: 552525ff352c36f3c3467e93b8e32fd35394c179
    path: upstream/cf-for-k8s
  path: cluster/build/cf-for-k8s/_vendir
- contents:
  - manual: {}
    path: manual
  - git:
      commitTitle: 'Merge pull request #729 from ywk253100/200915_1.3.5...'
      sha: 0b7457658b9b5c3c500c91a65caf991c4a460bb1
    path: upstream/harbor-helm
  path: cluster/build/harbor/_vendir
- contents:
  - manual: {}
    path: manual
  - git:
      commitTitle: 'fix: set cluster domain for credentials URIs (#111)...'
      sha: ef11c304058e6c11062129369755200e2bce7642
    path: upstream
  path: cluster/build/minibroker/_vendir
- contents:
  - manual: {}
    path: manual
  - git:
      commitTitle: Update version from 0.3.0-beta.2 to 0.3.0 (#2811)
      sha: 11c5b363ad9070284f6f45d13107020a8aeab82a
    path: upstream
  path: cluster/build/service-catalog/_vendir
- contents:
  - manual: {}
    path: cf-for-k8s
  path: cluster/config/cf-for-k8s/_ytt_lib
- contents:
  - manual: {}
    path: harbor
  path: cluster/config/harbor/_ytt_lib
- contents:
  - manual: {}
    path: minibroker
  path: cluster/config/minibroker/_ytt_lib
- contents:
  - manual: {}
    path: service-catalog
  path: cluster/config/service-catalog/_ytt_lib
kind: LockConfig
