apiVersion: vendir.k14s.io/v1alpha1
directories:
- contents:
  - githubRelease:
      url: https://api.github.com/repos/kubernetes-sigs/metrics-server/releases/20705532
    path: vendor/github.com/kubernetes-sigs/metrics-server
  - git:
      commitTitle: 'Merge pull request #248 from cloudfoundry/Syerram-issue-templates...'
      sha: 94c7800db20232a54a8d84f3f7303a0761af2365
    path: vendor/github.com/cloudfoundry/cf-for-k8s
  - manual: {}
    path: values
  path: config/cf
kind: LockConfig
