apiVersion: vendir.k14s.io/v1alpha1
directories:
- contents:
  - manual: {}
    path: manual
  - githubRelease:
      url: https://api.github.com/repos/cloudfoundry-incubator/quarks-operator/releases/29091160
    path: upstream
  path: cluster/build/cf-operator/_vendir
- contents:
  - manual: {}
    path: manual
  - git:
      commitTitle: Bump chart patch version
      sha: e5e963bcdb9a5fb2d0d9408734cefaec859d2c31
    path: upstream
  path: cluster/build/ingress-nginx/_vendir
- contents:
  - manual: {}
    path: manual
  - githubRelease:
      url: https://api.github.com/repos/cloudfoundry-incubator/kubecf/releases/27827596
    path: upstream
  path: cluster/build/kubecf/_vendir
- contents:
  - manual: {}
    path: cf-operator
  path: cluster/config/cf-operator/_ytt_lib
- contents:
  - manual: {}
    path: ingress-nginx
  path: cluster/config/ingress-nginx/_ytt_lib
- contents:
  - manual: {}
    path: kubecf
  path: cluster/config/kubecf/_ytt_lib
kind: LockConfig
