apiVersion: vendir.k14s.io/v1alpha1
directories:
- contents:
  - manual: {}
    path: manual
  - githubRelease:
      url: https://api.github.com/repos/cloudfoundry-incubator/quarks-operator/releases/32338202
    path: upstream
  path: cluster/build/cf-operator/_vendir
- contents:
  - manual: {}
    path: manual
  - git:
      commitTitle: 'Merge pull request #6326 from kolorful/master...'
      sha: 9b683e40555fdfaba453d826306bc9c03880dc16
    path: upstream
  path: cluster/build/ingress-nginx/_vendir
- contents:
  - manual: {}
    path: manual
  - githubRelease:
      url: https://api.github.com/repos/cloudfoundry-incubator/kubecf/releases/32378896
    path: upstream
  path: cluster/build/kubecf/_vendir
- contents:
  - manual: {}
    path: cf-operator
  path: cluster/config/cf-operator/_ytt_lib
- contents:
  - manual: {}
    path: ingress-nginx
  path: cluster/config/ingress-nginx/_ytt_lib
- contents:
  - manual: {}
    path: kubecf
  path: cluster/config/kubecf/_ytt_lib
kind: LockConfig
