apiVersion: vendir.k14s.io/v1alpha1
directories:
- contents:
  - manual: {}
    path: manual
  - git:
      commitTitle: Update the version to 2.3.2.0
      sha: f5140b098cf519a265983add6e5ded2279a5e06b
    path: upstream
  path: cluster/build/yugabyte/_vendir
- contents:
  - manual: {}
    path: yugabyte
  path: cluster/config/yugabyte/_ytt_lib
kind: LockConfig
