apiVersion: vendir.k14s.io/v1alpha1
directories:
- contents:
  - manual: {}
    path: manual
  - git:
      commitTitle: Update the version to 2.2.2.0
      sha: 6a48c6f01b9b2458880eac097a5b3e1f207b7811
    path: upstream
  path: cluster/build/yugabyte/_vendir
- contents:
  - manual: {}
    path: yugabyte
  path: cluster/config/yugabyte/_ytt_lib
kind: LockConfig
