apiVersion: vendir.k14s.io/v1alpha1
directories:
- contents:
  - githubRelease:
      url: https://api.github.com/repos/kubernetes-sigs/metrics-server/releases/20705532
    path: vendor/github.com/kubernetes-sigs/metrics-server
  - git:
      commitTitle: Add a test to verify optional configs are valid...
      sha: 6d561a5d0ecde1f11eb7836187c0d06851c0f56f
    path: vendor/github.com/cloudfoundry/cf-for-k8s
  - manual: {}
    path: values
  path: config/cf
kind: LockConfig
