apiVersion: vendir.k14s.io/v1alpha1
directories:
- contents:
  - githubRelease:
      url: https://api.github.com/repos/kubernetes-sigs/metrics-server/releases/20705532
    path: vendor/github.com/kubernetes-sigs/metrics-server
  - git:
      commitTitle: Add the istio_static_ip entry if K8S_ENV is set...
      sha: 2a2477605381eeec7f8a6d4155576b18c9427115
    path: vendor/github.com/cloudfoundry/cf-for-k8s
  - manual: {}
    path: values
  path: config
kind: LockConfig
